
Microsoft Visual Studio Solution File, Format Version 12.00
# Visual Studio Version 16
VisualStudioVersion = 16.0.33328.57
MinimumVisualStudioVersion = 10.0.40219.1
Project("{FAE04EC0-301F-11D3-BF4B-00C04F79EFBC}") = "20230331_ex1_이광재", "20230331_ex1_이광재\20230331_ex1_이광재.csproj", "{326BD0D6-4262-41C0-98F8-77AEFF604B08}"
EndProject
Project("{FAE04EC0-301F-11D3-BF4B-00C04F79EFBC}") = "20230331_ex2_이광재", "20230331_ex2_이광재\20230331_ex2_이광재.csproj", "{26D6CD3A-55C4-4B25-8BAB-E5A0C50A8DB8}"
EndProject
Project("{FAE04EC0-301F-11D3-BF4B-00C04F79EFBC}") = "20230331_ex3_이광재", "20230331_ex3_이광재\20230331_ex3_이광재.csproj", "{BB3FD14C-A696-4A03-905A-5848A7576B60}"
EndProject
Global
	GlobalSection(SolutionConfigurationPlatforms) = preSolution
		Debug|Any CPU = Debug|Any CPU
		Release|Any CPU = Release|Any CPU
	EndGlobalSection
	GlobalSection(ProjectConfigurationPlatforms) = postSolution
		{326BD0D6-4262-41C0-98F8-77AEFF604B08}.Debug|Any CPU.ActiveCfg = Debug|Any CPU
		{326BD0D6-4262-41C0-98F8-77AEFF604B08}.Debug|Any CPU.Build.0 = Debug|Any CPU
		{326BD0D6-4262-41C0-98F8-77AEFF604B08}.Release|Any CPU.ActiveCfg = Release|Any CPU
		{326BD0D6-4262-41C0-98F8-77AEFF604B08}.Release|Any CPU.Build.0 = Release|Any CPU
		{26D6CD3A-55C4-4B25-8BAB-E5A0C50A8DB8}.Debug|Any CPU.ActiveCfg = Debug|Any CPU
		{26D6CD3A-55C4-4B25-8BAB-E5A0C50A8DB8}.Debug|Any CPU.Build.0 = Debug|Any CPU
		{26D6CD3A-55C4-4B25-8BAB-E5A0C50A8DB8}.Release|Any CPU.ActiveCfg = Release|Any CPU
		{26D6CD3A-55C4-4B25-8BAB-E5A0C50A8DB8}.Release|Any CPU.Build.0 = Release|Any CPU
		{BB3FD14C-A696-4A03-905A-5848A7576B60}.Debug|Any CPU.ActiveCfg = Debug|Any CPU
		{BB3FD14C-A696-4A03-905A-5848A7576B60}.Debug|Any CPU.Build.0 = Debug|Any CPU
		{BB3FD14C-A696-4A03-905A-5848A7576B60}.Release|Any CPU.ActiveCfg = Release|Any CPU
		{BB3FD14C-A696-4A03-905A-5848A7576B60}.Release|Any CPU.Build.0 = Release|Any CPU
	EndGlobalSection
	GlobalSection(SolutionProperties) = preSolution
		HideSolutionNode = FALSE
	EndGlobalSection
	GlobalSection(ExtensibilityGlobals) = postSolution
		SolutionGuid = {0C5E35D9-3BD7-4300-8770-47F538D264A0}
	EndGlobalSection
EndGlobal
